// !$*UTF8*$!
{
	archiveVersion = 1;
	classes = {
	};
	objectVersion = 55;
	objects = {

/* Begin PBXBuildFile section */
		A5F10CD7AC7124B8C774A434 /* Pods_ShortFormFeedTests.framework in Frameworks */ = {isa = PBXBuildFile; fileRef = CDB2D61C4278A510BCF697CE /* Pods_ShortFormFeedTests.framework */; };
		E16D3664C6C844354C66F5E9 /* Pods_ShortFormFeed_ShortFormFeedUITests.framework in Frameworks */ = {isa = PBXBuildFile; fileRef = 9FA0CCD6EF38097D5A0F245B /* Pods_ShortFormFeed_ShortFormFeedUITests.framework */; };
		F91E62379B0EA5B3B27DC227 /* Pods_ShortFormFeed.framework in Frameworks */ = {isa = PBXBuildFile; fileRef = AB9375A36307C0FC24C8B474 /* Pods_ShortFormFeed.framework */; };
		FBA66D462A5D84A200542D2D /* AppDelegate.swift in Sources */ = {isa = PBXBuildFile; fileRef = FBA66D452A5D84A200542D2D /* AppDelegate.swift */; };
		FBA66D482A5D84A200542D2D /* SceneDelegate.swift in Sources */ = {isa = PBXBuildFile; fileRef = FBA66D472A5D84A200542D2D /* SceneDelegate.swift */; };
		FBA66D4A2A5D84A200542D2D /* ViewController.swift in Sources */ = {isa = PBXBuildFile; fileRef = FBA66D492A5D84A200542D2D /* ViewController.swift */; };
		FBA66D4F2A5D84A300542D2D /* Assets.xcassets in Resources */ = {isa = PBXBuildFile; fileRef = FBA66D4E2A5D84A300542D2D /* Assets.xcassets */; };
		FBA66D522A5D84A300542D2D /* LaunchScreen.storyboard in Resources */ = {isa = PBXBuildFile; fileRef = FBA66D502A5D84A300542D2D /* LaunchScreen.storyboard */; };
		FBA66D5D2A5D84A300542D2D /* ShortFormFeedTests.swift in Sources */ = {isa = PBXBuildFile; fileRef = FBA66D5C2A5D84A300542D2D /* ShortFormFeedTests.swift */; };
		FBA66D672A5D84A300542D2D /* ShortFormFeedUITests.swift in Sources */ = {isa = PBXBuildFile; fileRef = FBA66D662A5D84A300542D2D /* ShortFormFeedUITests.swift */; };
		FBA66D692A5D84A300542D2D /* ShortFormFeedUITestsLaunchTests.swift in Sources */ = {isa = PBXBuildFile; fileRef = FBA66D682A5D84A300542D2D /* ShortFormFeedUITestsLaunchTests.swift */; };
		FBA66D762A5FF6C700542D2D /* EndPoint.swift in Sources */ = {isa = PBXBuildFile; fileRef = FBA66D752A5FF6C700542D2D /* EndPoint.swift */; };
		FBA66D782A5FFB2B00542D2D /* NetworkError.swift in Sources */ = {isa = PBXBuildFile; fileRef = FBA66D772A5FFB2B00542D2D /* NetworkError.swift */; };
		FBA66D7A2A618BB700542D2D /* Content.swift in Sources */ = {isa = PBXBuildFile; fileRef = FBA66D792A618BB700542D2D /* Content.swift */; };
		FBA66D7C2A618BD300542D2D /* Feed.swift in Sources */ = {isa = PBXBuildFile; fileRef = FBA66D7B2A618BD300542D2D /* Feed.swift */; };
		FBA66D7E2A618BE700542D2D /* User.swift in Sources */ = {isa = PBXBuildFile; fileRef = FBA66D7D2A618BE700542D2D /* User.swift */; };
		FBA66D802A618BF800542D2D /* Post.swift in Sources */ = {isa = PBXBuildFile; fileRef = FBA66D7F2A618BF800542D2D /* Post.swift */; };
		FBA66D872A618F4500542D2D /* FeedAPI.swift in Sources */ = {isa = PBXBuildFile; fileRef = FBA66D862A618F4500542D2D /* FeedAPI.swift */; };
/* End PBXBuildFile section */

/* Begin PBXContainerItemProxy section */
		FBA66D592A5D84A300542D2D /* PBXContainerItemProxy */ = {
			isa = PBXContainerItemProxy;
			containerPortal = FBA66D3A2A5D84A200542D2D /* Project object */;
			proxyType = 1;
			remoteGlobalIDString = FBA66D412A5D84A200542D2D;
			remoteInfo = ShortFormFeed;
		};
		FBA66D632A5D84A300542D2D /* PBXContainerItemProxy */ = {
			isa = PBXContainerItemProxy;
			containerPortal = FBA66D3A2A5D84A200542D2D /* Project object */;
			proxyType = 1;
			remoteGlobalIDString = FBA66D412A5D84A200542D2D;
			remoteInfo = ShortFormFeed;
		};
/* End PBXContainerItemProxy section */

/* Begin PBXFileReference section */
		43FB890D4F002C74A6413E7B /* Pods-ShortFormFeed-ShortFormFeedUITests.debug.xcconfig */ = {isa = PBXFileReference; includeInIndex = 1; lastKnownFileType = text.xcconfig; name = "Pods-ShortFormFeed-ShortFormFeedUITests.debug.xcconfig"; path = "Target Support Files/Pods-ShortFormFeed-ShortFormFeedUITests/Pods-ShortFormFeed-ShortFormFeedUITests.debug.xcconfig"; sourceTree = "<group>"; };
		4B78D04A34C9011D02363A15 /* Pods-ShortFormFeed.debug.xcconfig */ = {isa = PBXFileReference; includeInIndex = 1; lastKnownFileType = text.xcconfig; name = "Pods-ShortFormFeed.debug.xcconfig"; path = "Target Support Files/Pods-ShortFormFeed/Pods-ShortFormFeed.debug.xcconfig"; sourceTree = "<group>"; };
		6A9E4F802EEE686845F41B4E /* Pods-ShortFormFeed.release.xcconfig */ = {isa = PBXFileReference; includeInIndex = 1; lastKnownFileType = text.xcconfig; name = "Pods-ShortFormFeed.release.xcconfig"; path = "Target Support Files/Pods-ShortFormFeed/Pods-ShortFormFeed.release.xcconfig"; sourceTree = "<group>"; };
		9FA0CCD6EF38097D5A0F245B /* Pods_ShortFormFeed_ShortFormFeedUITests.framework */ = {isa = PBXFileReference; explicitFileType = wrapper.framework; includeInIndex = 0; path = Pods_ShortFormFeed_ShortFormFeedUITests.framework; sourceTree = BUILT_PRODUCTS_DIR; };
		AB9375A36307C0FC24C8B474 /* Pods_ShortFormFeed.framework */ = {isa = PBXFileReference; explicitFileType = wrapper.framework; includeInIndex = 0; path = Pods_ShortFormFeed.framework; sourceTree = BUILT_PRODUCTS_DIR; };
		B45B11A8B1C034A99CC33A4A /* Pods-ShortFormFeedTests.release.xcconfig */ = {isa = PBXFileReference; includeInIndex = 1; lastKnownFileType = text.xcconfig; name = "Pods-ShortFormFeedTests.release.xcconfig"; path = "Target Support Files/Pods-ShortFormFeedTests/Pods-ShortFormFeedTests.release.xcconfig"; sourceTree = "<group>"; };
		C567FF071DE950615E94EA20 /* Pods-ShortFormFeedTests.debug.xcconfig */ = {isa = PBXFileReference; includeInIndex = 1; lastKnownFileType = text.xcconfig; name = "Pods-ShortFormFeedTests.debug.xcconfig"; path = "Target Support Files/Pods-ShortFormFeedTests/Pods-ShortFormFeedTests.debug.xcconfig"; sourceTree = "<group>"; };
		CDB2D61C4278A510BCF697CE /* Pods_ShortFormFeedTests.framework */ = {isa = PBXFileReference; explicitFileType = wrapper.framework; includeInIndex = 0; path = Pods_ShortFormFeedTests.framework; sourceTree = BUILT_PRODUCTS_DIR; };
		FBA66D422A5D84A200542D2D /* ShortFormFeed.app */ = {isa = PBXFileReference; explicitFileType = wrapper.application; includeInIndex = 0; path = ShortFormFeed.app; sourceTree = BUILT_PRODUCTS_DIR; };
		FBA66D452A5D84A200542D2D /* AppDelegate.swift */ = {isa = PBXFileReference; lastKnownFileType = sourcecode.swift; path = AppDelegate.swift; sourceTree = "<group>"; };
		FBA66D472A5D84A200542D2D /* SceneDelegate.swift */ = {isa = PBXFileReference; lastKnownFileType = sourcecode.swift; path = SceneDelegate.swift; sourceTree = "<group>"; };
		FBA66D492A5D84A200542D2D /* ViewController.swift */ = {isa = PBXFileReference; lastKnownFileType = sourcecode.swift; path = ViewController.swift; sourceTree = "<group>"; };
		FBA66D4E2A5D84A300542D2D /* Assets.xcassets */ = {isa = PBXFileReference; lastKnownFileType = folder.assetcatalog; path = Assets.xcassets; sourceTree = "<group>"; };
		FBA66D512A5D84A300542D2D /* Base */ = {isa = PBXFileReference; lastKnownFileType = file.storyboard; name = Base; path = Base.lproj/LaunchScreen.storyboard; sourceTree = "<group>"; };
		FBA66D532A5D84A300542D2D /* Info.plist */ = {isa = PBXFileReference; lastKnownFileType = text.plist.xml; path = Info.plist; sourceTree = "<group>"; };
		FBA66D582A5D84A300542D2D /* ShortFormFeedTests.xctest */ = {isa = PBXFileReference; explicitFileType = wrapper.cfbundle; includeInIndex = 0; path = ShortFormFeedTests.xctest; sourceTree = BUILT_PRODUCTS_DIR; };
		FBA66D5C2A5D84A300542D2D /* ShortFormFeedTests.swift */ = {isa = PBXFileReference; lastKnownFileType = sourcecode.swift; path = ShortFormFeedTests.swift; sourceTree = "<group>"; };
		FBA66D622A5D84A300542D2D /* ShortFormFeedUITests.xctest */ = {isa = PBXFileReference; explicitFileType = wrapper.cfbundle; includeInIndex = 0; path = ShortFormFeedUITests.xctest; sourceTree = BUILT_PRODUCTS_DIR; };
		FBA66D662A5D84A300542D2D /* ShortFormFeedUITests.swift */ = {isa = PBXFileReference; lastKnownFileType = sourcecode.swift; path = ShortFormFeedUITests.swift; sourceTree = "<group>"; };
		FBA66D682A5D84A300542D2D /* ShortFormFeedUITestsLaunchTests.swift */ = {isa = PBXFileReference; lastKnownFileType = sourcecode.swift; path = ShortFormFeedUITestsLaunchTests.swift; sourceTree = "<group>"; };
		FBA66D752A5FF6C700542D2D /* EndPoint.swift */ = {isa = PBXFileReference; lastKnownFileType = sourcecode.swift; path = EndPoint.swift; sourceTree = "<group>"; };
		FBA66D772A5FFB2B00542D2D /* NetworkError.swift */ = {isa = PBXFileReference; lastKnownFileType = sourcecode.swift; path = NetworkError.swift; sourceTree = "<group>"; };
		FBA66D792A618BB700542D2D /* Content.swift */ = {isa = PBXFileReference; lastKnownFileType = sourcecode.swift; path = Content.swift; sourceTree = "<group>"; };
		FBA66D7B2A618BD300542D2D /* Feed.swift */ = {isa = PBXFileReference; lastKnownFileType = sourcecode.swift; path = Feed.swift; sourceTree = "<group>"; };
		FBA66D7D2A618BE700542D2D /* User.swift */ = {isa = PBXFileReference; lastKnownFileType = sourcecode.swift; path = User.swift; sourceTree = "<group>"; };
		FBA66D7F2A618BF800542D2D /* Post.swift */ = {isa = PBXFileReference; lastKnownFileType = sourcecode.swift; path = Post.swift; sourceTree = "<group>"; };
		FBA66D862A618F4500542D2D /* FeedAPI.swift */ = {isa = PBXFileReference; lastKnownFileType = sourcecode.swift; path = FeedAPI.swift; sourceTree = "<group>"; };
		FDB4A30096BDAC8DB7CB1EF7 /* Pods-ShortFormFeed-ShortFormFeedUITests.release.xcconfig */ = {isa = PBXFileReference; includeInIndex = 1; lastKnownFileType = text.xcconfig; name = "Pods-ShortFormFeed-ShortFormFeedUITests.release.xcconfig"; path = "Target Support Files/Pods-ShortFormFeed-ShortFormFeedUITests/Pods-ShortFormFeed-ShortFormFeedUITests.release.xcconfig"; sourceTree = "<group>"; };
/* End PBXFileReference section */

/* Begin PBXFrameworksBuildPhase section */
		FBA66D3F2A5D84A200542D2D /* Frameworks */ = {
			isa = PBXFrameworksBuildPhase;
			buildActionMask = 2147483647;
			files = (
				F91E62379B0EA5B3B27DC227 /* Pods_ShortFormFeed.framework in Frameworks */,
			);
			runOnlyForDeploymentPostprocessing = 0;
		};
		FBA66D552A5D84A300542D2D /* Frameworks */ = {
			isa = PBXFrameworksBuildPhase;
			buildActionMask = 2147483647;
			files = (
				A5F10CD7AC7124B8C774A434 /* Pods_ShortFormFeedTests.framework in Frameworks */,
			);
			runOnlyForDeploymentPostprocessing = 0;
		};
		FBA66D5F2A5D84A300542D2D /* Frameworks */ = {
			isa = PBXFrameworksBuildPhase;
			buildActionMask = 2147483647;
			files = (
				E16D3664C6C844354C66F5E9 /* Pods_ShortFormFeed_ShortFormFeedUITests.framework in Frameworks */,
			);
			runOnlyForDeploymentPostprocessing = 0;
		};
/* End PBXFrameworksBuildPhase section */

/* Begin PBXGroup section */
		28AE8BB7B74A8E8903FDE0C9 /* Frameworks */ = {
			isa = PBXGroup;
			children = (
				AB9375A36307C0FC24C8B474 /* Pods_ShortFormFeed.framework */,
				9FA0CCD6EF38097D5A0F245B /* Pods_ShortFormFeed_ShortFormFeedUITests.framework */,
				CDB2D61C4278A510BCF697CE /* Pods_ShortFormFeedTests.framework */,
			);
			name = Frameworks;
			sourceTree = "<group>";
		};
		6A356D5C276EAE213E6E0A9C /* Pods */ = {
			isa = PBXGroup;
			children = (
				4B78D04A34C9011D02363A15 /* Pods-ShortFormFeed.debug.xcconfig */,
				6A9E4F802EEE686845F41B4E /* Pods-ShortFormFeed.release.xcconfig */,
				43FB890D4F002C74A6413E7B /* Pods-ShortFormFeed-ShortFormFeedUITests.debug.xcconfig */,
				FDB4A30096BDAC8DB7CB1EF7 /* Pods-ShortFormFeed-ShortFormFeedUITests.release.xcconfig */,
				C567FF071DE950615E94EA20 /* Pods-ShortFormFeedTests.debug.xcconfig */,
				B45B11A8B1C034A99CC33A4A /* Pods-ShortFormFeedTests.release.xcconfig */,
			);
			path = Pods;
			sourceTree = "<group>";
		};
		FBA66D392A5D84A200542D2D = {
			isa = PBXGroup;
			children = (
				FBA66D442A5D84A200542D2D /* ShortFormFeed */,
				FBA66D5B2A5D84A300542D2D /* ShortFormFeedTests */,
				FBA66D652A5D84A300542D2D /* ShortFormFeedUITests */,
				FBA66D432A5D84A200542D2D /* Products */,
				6A356D5C276EAE213E6E0A9C /* Pods */,
				28AE8BB7B74A8E8903FDE0C9 /* Frameworks */,
			);
			sourceTree = "<group>";
		};
		FBA66D432A5D84A200542D2D /* Products */ = {
			isa = PBXGroup;
			children = (
				FBA66D422A5D84A200542D2D /* ShortFormFeed.app */,
				FBA66D582A5D84A300542D2D /* ShortFormFeedTests.xctest */,
				FBA66D622A5D84A300542D2D /* ShortFormFeedUITests.xctest */,
			);
			name = Products;
			sourceTree = "<group>";
		};
		FBA66D442A5D84A200542D2D /* ShortFormFeed */ = {
			isa = PBXGroup;
			children = (
				FBA66D852A618EB000542D2D /* View */,
				FBA66D832A618E7E00542D2D /* App */,
				FBA66D812A618DC100542D2D /* Model */,
				FBA66D532A5D84A300542D2D /* Info.plist */,
			);
			path = ShortFormFeed;
			sourceTree = "<group>";
		};
		FBA66D5B2A5D84A300542D2D /* ShortFormFeedTests */ = {
			isa = PBXGroup;
			children = (
				FBA66D5C2A5D84A300542D2D /* ShortFormFeedTests.swift */,
			);
			path = ShortFormFeedTests;
			sourceTree = "<group>";
		};
		FBA66D652A5D84A300542D2D /* ShortFormFeedUITests */ = {
			isa = PBXGroup;
			children = (
				FBA66D662A5D84A300542D2D /* ShortFormFeedUITests.swift */,
				FBA66D682A5D84A300542D2D /* ShortFormFeedUITestsLaunchTests.swift */,
			);
			path = ShortFormFeedUITests;
			sourceTree = "<group>";
		};
		FBA66D812A618DC100542D2D /* Model */ = {
			isa = PBXGroup;
			children = (
				FBA66D822A618E1A00542D2D /* Network */,
				FBA66D7F2A618BF800542D2D /* Post.swift */,
				FBA66D7D2A618BE700542D2D /* User.swift */,
				FBA66D7B2A618BD300542D2D /* Feed.swift */,
				FBA66D792A618BB700542D2D /* Content.swift */,
			);
			path = Model;
			sourceTree = "<group>";
		};
		FBA66D822A618E1A00542D2D /* Network */ = {
			isa = PBXGroup;
			children = (
				FBA66D772A5FFB2B00542D2D /* NetworkError.swift */,
				FBA66D752A5FF6C700542D2D /* EndPoint.swift */,
				FBA66D862A618F4500542D2D /* FeedAPI.swift */,
			);
			path = Network;
			sourceTree = "<group>";
		};
		FBA66D832A618E7E00542D2D /* App */ = {
			isa = PBXGroup;
			children = (
				FBA66D842A618E8F00542D2D /* Asset */,
				FBA66D472A5D84A200542D2D /* SceneDelegate.swift */,
				FBA66D452A5D84A200542D2D /* AppDelegate.swift */,
			);
			path = App;
			sourceTree = "<group>";
		};
		FBA66D842A618E8F00542D2D /* Asset */ = {
			isa = PBXGroup;
			children = (
				FBA66D4E2A5D84A300542D2D /* Assets.xcassets */,
				FBA66D502A5D84A300542D2D /* LaunchScreen.storyboard */,
			);
			path = Asset;
			sourceTree = "<group>";
		};
		FBA66D852A618EB000542D2D /* View */ = {
			isa = PBXGroup;
			children = (
				FBA66D492A5D84A200542D2D /* ViewController.swift */,
			);
			path = View;
			sourceTree = "<group>";
		};
/* End PBXGroup section */

/* Begin PBXNativeTarget section */
		FBA66D412A5D84A200542D2D /* ShortFormFeed */ = {
			isa = PBXNativeTarget;
			buildConfigurationList = FBA66D6C2A5D84A300542D2D /* Build configuration list for PBXNativeTarget "ShortFormFeed" */;
			buildPhases = (
				40E564BC78FD289717066BDE /* [CP] Check Pods Manifest.lock */,
				FBA66D3E2A5D84A200542D2D /* Sources */,
				FBA66D3F2A5D84A200542D2D /* Frameworks */,
				FBA66D402A5D84A200542D2D /* Resources */,
				6FABDBC986151DFCAEE578A7 /* [CP] Embed Pods Frameworks */,
			);
			buildRules = (
			);
			dependencies = (
			);
			name = ShortFormFeed;
			productName = ShortFormFeed;
			productReference = FBA66D422A5D84A200542D2D /* ShortFormFeed.app */;
			productType = "com.apple.product-type.application";
		};
		FBA66D572A5D84A300542D2D /* ShortFormFeedTests */ = {
			isa = PBXNativeTarget;
			buildConfigurationList = FBA66D6F2A5D84A300542D2D /* Build configuration list for PBXNativeTarget "ShortFormFeedTests" */;
			buildPhases = (
				4303C499711CECDDBB77C3E6 /* [CP] Check Pods Manifest.lock */,
				FBA66D542A5D84A300542D2D /* Sources */,
				FBA66D552A5D84A300542D2D /* Frameworks */,
				FBA66D562A5D84A300542D2D /* Resources */,
			);
			buildRules = (
			);
			dependencies = (
				FBA66D5A2A5D84A300542D2D /* PBXTargetDependency */,
			);
			name = ShortFormFeedTests;
			productName = ShortFormFeedTests;
			productReference = FBA66D582A5D84A300542D2D /* ShortFormFeedTests.xctest */;
			productType = "com.apple.product-type.bundle.unit-test";
		};
		FBA66D612A5D84A300542D2D /* ShortFormFeedUITests */ = {
			isa = PBXNativeTarget;
			buildConfigurationList = FBA66D722A5D84A300542D2D /* Build configuration list for PBXNativeTarget "ShortFormFeedUITests" */;
			buildPhases = (
				E80299786D7DC8815F857F72 /* [CP] Check Pods Manifest.lock */,
				FBA66D5E2A5D84A300542D2D /* Sources */,
				FBA66D5F2A5D84A300542D2D /* Frameworks */,
				FBA66D602A5D84A300542D2D /* Resources */,
				8E61851F2BE1587155E7577F /* [CP] Embed Pods Frameworks */,
			);
			buildRules = (
			);
			dependencies = (
				FBA66D642A5D84A300542D2D /* PBXTargetDependency */,
			);
			name = ShortFormFeedUITests;
			productName = ShortFormFeedUITests;
			productReference = FBA66D622A5D84A300542D2D /* ShortFormFeedUITests.xctest */;
			productType = "com.apple.product-type.bundle.ui-testing";
		};
/* End PBXNativeTarget section */

/* Begin PBXProject section */
		FBA66D3A2A5D84A200542D2D /* Project object */ = {
			isa = PBXProject;
			attributes = {
				BuildIndependentTargetsInParallel = 1;
				LastSwiftUpdateCheck = 1430;
				LastUpgradeCheck = 1430;
				TargetAttributes = {
					FBA66D412A5D84A200542D2D = {
						CreatedOnToolsVersion = 14.3;
					};
					FBA66D572A5D84A300542D2D = {
						CreatedOnToolsVersion = 14.3;
						TestTargetID = FBA66D412A5D84A200542D2D;
					};
					FBA66D612A5D84A300542D2D = {
						CreatedOnToolsVersion = 14.3;
						TestTargetID = FBA66D412A5D84A200542D2D;
					};
				};
			};
			buildConfigurationList = FBA66D3D2A5D84A200542D2D /* Build configuration list for PBXProject "ShortFormFeed" */;
			compatibilityVersion = "Xcode 13.0";
			developmentRegion = en;
			hasScannedForEncodings = 0;
			knownRegions = (
				en,
				Base,
			);
			mainGroup = FBA66D392A5D84A200542D2D;
			productRefGroup = FBA66D432A5D84A200542D2D /* Products */;
			projectDirPath = "";
			projectRoot = "";
			targets = (
				FBA66D412A5D84A200542D2D /* ShortFormFeed */,
				FBA66D572A5D84A300542D2D /* ShortFormFeedTests */,
				FBA66D612A5D84A300542D2D /* ShortFormFeedUITests */,
			);
		};
/* End PBXProject section */

/* Begin PBXResourcesBuildPhase section */
		FBA66D402A5D84A200542D2D /* Resources */ = {
			isa = PBXResourcesBuildPhase;
			buildActionMask = 2147483647;
			files = (
				FBA66D522A5D84A300542D2D /* LaunchScreen.storyboard in Resources */,
				FBA66D4F2A5D84A300542D2D /* Assets.xcassets in Resources */,
			);
			runOnlyForDeploymentPostprocessing = 0;
		};
		FBA66D562A5D84A300542D2D /* Resources */ = {
			isa = PBXResourcesBuildPhase;
			buildActionMask = 2147483647;
			files = (
			);
			runOnlyForDeploymentPostprocessing = 0;
		};
		FBA66D602A5D84A300542D2D /* Resources */ = {
			isa = PBXResourcesBuildPhase;
			buildActionMask = 2147483647;
			files = (
			);
			runOnlyForDeploymentPostprocessing = 0;
		};
/* End PBXResourcesBuildPhase section */

/* Begin PBXShellScriptBuildPhase section */
		40E564BC78FD289717066BDE /* [CP] Check Pods Manifest.lock */ = {
			isa = PBXShellScriptBuildPhase;
			buildActionMask = 2147483647;
			files = (
			);
			inputFileListPaths = (
			);
			inputPaths = (
				"${PODS_PODFILE_DIR_PATH}/Podfile.lock",
				"${PODS_ROOT}/Manifest.lock",
			);
			name = "[CP] Check Pods Manifest.lock";
			outputFileListPaths = (
			);
			outputPaths = (
				"$(DERIVED_FILE_DIR)/Pods-ShortFormFeed-checkManifestLockResult.txt",
			);
			runOnlyForDeploymentPostprocessing = 0;
			shellPath = /bin/sh;
			shellScript = "diff \"${PODS_PODFILE_DIR_PATH}/Podfile.lock\" \"${PODS_ROOT}/Manifest.lock\" > /dev/null\nif [ $? != 0 ] ; then\n    # print error to STDERR\n    echo \"error: The sandbox is not in sync with the Podfile.lock. Run 'pod install' or update your CocoaPods installation.\" >&2\n    exit 1\nfi\n# This output is used by Xcode 'outputs' to avoid re-running this script phase.\necho \"SUCCESS\" > \"${SCRIPT_OUTPUT_FILE_0}\"\n";
			showEnvVarsInLog = 0;
		};
		4303C499711CECDDBB77C3E6 /* [CP] Check Pods Manifest.lock */ = {
			isa = PBXShellScriptBuildPhase;
			buildActionMask = 2147483647;
			files = (
			);
			inputFileListPaths = (
			);
			inputPaths = (
				"${PODS_PODFILE_DIR_PATH}/Podfile.lock",
				"${PODS_ROOT}/Manifest.lock",
			);
			name = "[CP] Check Pods Manifest.lock";
			outputFileListPaths = (
			);
			outputPaths = (
				"$(DERIVED_FILE_DIR)/Pods-ShortFormFeedTests-checkManifestLockResult.txt",
			);
			runOnlyForDeploymentPostprocessing = 0;
			shellPath = /bin/sh;
			shellScript = "diff \"${PODS_PODFILE_DIR_PATH}/Podfile.lock\" \"${PODS_ROOT}/Manifest.lock\" > /dev/null\nif [ $? != 0 ] ; then\n    # print error to STDERR\n    echo \"error: The sandbox is not in sync with the Podfile.lock. Run 'pod install' or update your CocoaPods installation.\" >&2\n    exit 1\nfi\n# This output is used by Xcode 'outputs' to avoid re-running this script phase.\necho \"SUCCESS\" > \"${SCRIPT_OUTPUT_FILE_0}\"\n";
			showEnvVarsInLog = 0;
		};
		6FABDBC986151DFCAEE578A7 /* [CP] Embed Pods Frameworks */ = {
			isa = PBXShellScriptBuildPhase;
			buildActionMask = 2147483647;
			files = (
			);
			inputFileListPaths = (
				"${PODS_ROOT}/Target Support Files/Pods-ShortFormFeed/Pods-ShortFormFeed-frameworks-${CONFIGURATION}-input-files.xcfilelist",
			);
			name = "[CP] Embed Pods Frameworks";
			outputFileListPaths = (
				"${PODS_ROOT}/Target Support Files/Pods-ShortFormFeed/Pods-ShortFormFeed-frameworks-${CONFIGURATION}-output-files.xcfilelist",
			);
			runOnlyForDeploymentPostprocessing = 0;
			shellPath = /bin/sh;
			shellScript = "\"${PODS_ROOT}/Target Support Files/Pods-ShortFormFeed/Pods-ShortFormFeed-frameworks.sh\"\n";
			showEnvVarsInLog = 0;
		};
		8E61851F2BE1587155E7577F /* [CP] Embed Pods Frameworks */ = {
			isa = PBXShellScriptBuildPhase;
			buildActionMask = 2147483647;
			files = (
			);
			inputFileListPaths = (
				"${PODS_ROOT}/Target Support Files/Pods-ShortFormFeed-ShortFormFeedUITests/Pods-ShortFormFeed-ShortFormFeedUITests-frameworks-${CONFIGURATION}-input-files.xcfilelist",
			);
			name = "[CP] Embed Pods Frameworks";
			outputFileListPaths = (
				"${PODS_ROOT}/Target Support Files/Pods-ShortFormFeed-ShortFormFeedUITests/Pods-ShortFormFeed-ShortFormFeedUITests-frameworks-${CONFIGURATION}-output-files.xcfilelist",
			);
			runOnlyForDeploymentPostprocessing = 0;
			shellPath = /bin/sh;
			shellScript = "\"${PODS_ROOT}/Target Support Files/Pods-ShortFormFeed-ShortFormFeedUITests/Pods-ShortFormFeed-ShortFormFeedUITests-frameworks.sh\"\n";
			showEnvVarsInLog = 0;
		};
		E80299786D7DC8815F857F72 /* [CP] Check Pods Manifest.lock */ = {
			isa = PBXShellScriptBuildPhase;
			buildActionMask = 2147483647;
			files = (
			);
			inputFileListPaths = (
			);
			inputPaths = (
				"${PODS_PODFILE_DIR_PATH}/Podfile.lock",
				"${PODS_ROOT}/Manifest.lock",
			);
			name = "[CP] Check Pods Manifest.lock";
			outputFileListPaths = (
			);
			outputPaths = (
				"$(DERIVED_FILE_DIR)/Pods-ShortFormFeed-ShortFormFeedUITests-checkManifestLockResult.txt",
			);
			runOnlyForDeploymentPostprocessing = 0;
			shellPath = /bin/sh;
			shellScript = "diff \"${PODS_PODFILE_DIR_PATH}/Podfile.lock\" \"${PODS_ROOT}/Manifest.lock\" > /dev/null\nif [ $? != 0 ] ; then\n    # print error to STDERR\n    echo \"error: The sandbox is not in sync with the Podfile.lock. Run 'pod install' or update your CocoaPods installation.\" >&2\n    exit 1\nfi\n# This output is used by Xcode 'outputs' to avoid re-running this script phase.\necho \"SUCCESS\" > \"${SCRIPT_OUTPUT_FILE_0}\"\n";
			showEnvVarsInLog = 0;
		};
/* End PBXShellScriptBuildPhase section */

/* Begin PBXSourcesBuildPhase section */
		FBA66D3E2A5D84A200542D2D /* Sources */ = {
			isa = PBXSourcesBuildPhase;
			buildActionMask = 2147483647;
			files = (
				FBA66D4A2A5D84A200542D2D /* ViewController.swift in Sources */,
				FBA66D462A5D84A200542D2D /* AppDelegate.swift in Sources */,
				FBA66D762A5FF6C700542D2D /* EndPoint.swift in Sources */,
				FBA66D7C2A618BD300542D2D /* Feed.swift in Sources */,
				FBA66D872A618F4500542D2D /* FeedAPI.swift in Sources */,
				FBA66D482A5D84A200542D2D /* SceneDelegate.swift in Sources */,
				FBA66D782A5FFB2B00542D2D /* NetworkError.swift in Sources */,
				FBA66D802A618BF800542D2D /* Post.swift in Sources */,
				FBA66D7E2A618BE700542D2D /* User.swift in Sources */,
				FBA66D7A2A618BB700542D2D /* Content.swift in Sources */,
			);
			runOnlyForDeploymentPostprocessing = 0;
		};
		FBA66D542A5D84A300542D2D /* Sources */ = {
			isa = PBXSourcesBuildPhase;
			buildActionMask = 2147483647;
			files = (
				FBA66D5D2A5D84A300542D2D /* ShortFormFeedTests.swift in Sources */,
			);
			runOnlyForDeploymentPostprocessing = 0;
		};
		FBA66D5E2A5D84A300542D2D /* Sources */ = {
			isa = PBXSourcesBuildPhase;
			buildActionMask = 2147483647;
			files = (
				FBA66D672A5D84A300542D2D /* ShortFormFeedUITests.swift in Sources */,
				FBA66D692A5D84A300542D2D /* ShortFormFeedUITestsLaunchTests.swift in Sources */,
			);
			runOnlyForDeploymentPostprocessing = 0;
		};
/* End PBXSourcesBuildPhase section */

/* Begin PBXTargetDependency section */
		FBA66D5A2A5D84A300542D2D /* PBXTargetDependency */ = {
			isa = PBXTargetDependency;
			target = FBA66D412A5D84A200542D2D /* ShortFormFeed */;
			targetProxy = FBA66D592A5D84A300542D2D /* PBXContainerItemProxy */;
		};
		FBA66D642A5D84A300542D2D /* PBXTargetDependency */ = {
			isa = PBXTargetDependency;
			target = FBA66D412A5D84A200542D2D /* ShortFormFeed */;
			targetProxy = FBA66D632A5D84A300542D2D /* PBXContainerItemProxy */;
		};
/* End PBXTargetDependency section */

/* Begin PBXVariantGroup section */
		FBA66D502A5D84A300542D2D /* LaunchScreen.storyboard */ = {
			isa = PBXVariantGroup;
			children = (
				FBA66D512A5D84A300542D2D /* Base */,
			);
			name = LaunchScreen.storyboard;
			sourceTree = "<group>";
		};
/* End PBXVariantGroup section */

/* Begin XCBuildConfiguration section */
		FBA66D6A2A5D84A300542D2D /* Debug */ = {
			isa = XCBuildConfiguration;
			buildSettings = {
				ALWAYS_SEARCH_USER_PATHS = NO;
				CLANG_ANALYZER_NONNULL = YES;
				CLANG_ANALYZER_NUMBER_OBJECT_CONVERSION = YES_AGGRESSIVE;
				CLANG_CXX_LANGUAGE_STANDARD = "gnu++20";
				CLANG_ENABLE_MODULES = YES;
				CLANG_ENABLE_OBJC_ARC = YES;
				CLANG_ENABLE_OBJC_WEAK = YES;
				CLANG_WARN_BLOCK_CAPTURE_AUTORELEASING = YES;
				CLANG_WARN_BOOL_CONVERSION = YES;
				CLANG_WARN_COMMA = YES;
				CLANG_WARN_CONSTANT_CONVERSION = YES;
				CLANG_WARN_DEPRECATED_OBJC_IMPLEMENTATIONS = YES;
				CLANG_WARN_DIRECT_OBJC_ISA_USAGE = YES_ERROR;
				CLANG_WARN_DOCUMENTATION_COMMENTS = YES;
				CLANG_WARN_EMPTY_BODY = YES;
				CLANG_WARN_ENUM_CONVERSION = YES;
				CLANG_WARN_INFINITE_RECURSION = YES;
				CLANG_WARN_INT_CONVERSION = YES;
				CLANG_WARN_NON_LITERAL_NULL_CONVERSION = YES;
				CLANG_WARN_OBJC_IMPLICIT_RETAIN_SELF = YES;
				CLANG_WARN_OBJC_LITERAL_CONVERSION = YES;
				CLANG_WARN_OBJC_ROOT_CLASS = YES_ERROR;
				CLANG_WARN_QUOTED_INCLUDE_IN_FRAMEWORK_HEADER = YES;
				CLANG_WARN_RANGE_LOOP_ANALYSIS = YES;
				CLANG_WARN_STRICT_PROTOTYPES = YES;
				CLANG_WARN_SUSPICIOUS_MOVE = YES;
				CLANG_WARN_UNGUARDED_AVAILABILITY = YES_AGGRESSIVE;
				CLANG_WARN_UNREACHABLE_CODE = YES;
				CLANG_WARN__DUPLICATE_METHOD_MATCH = YES;
				COPY_PHASE_STRIP = NO;
				DEBUG_INFORMATION_FORMAT = dwarf;
				ENABLE_STRICT_OBJC_MSGSEND = YES;
				ENABLE_TESTABILITY = YES;
				GCC_C_LANGUAGE_STANDARD = gnu11;
				GCC_DYNAMIC_NO_PIC = NO;
				GCC_NO_COMMON_BLOCKS = YES;
				GCC_OPTIMIZATION_LEVEL = 0;
				GCC_PREPROCESSOR_DEFINITIONS = (
					"DEBUG=1",
					"$(inherited)",
				);
				GCC_WARN_64_TO_32_BIT_CONVERSION = YES;
				GCC_WARN_ABOUT_RETURN_TYPE = YES_ERROR;
				GCC_WARN_UNDECLARED_SELECTOR = YES;
				GCC_WARN_UNINITIALIZED_AUTOS = YES_AGGRESSIVE;
				GCC_WARN_UNUSED_FUNCTION = YES;
				GCC_WARN_UNUSED_VARIABLE = YES;
				IPHONEOS_DEPLOYMENT_TARGET = 16.4;
				MTL_ENABLE_DEBUG_INFO = INCLUDE_SOURCE;
				MTL_FAST_MATH = YES;
				ONLY_ACTIVE_ARCH = YES;
				SDKROOT = iphoneos;
				SWIFT_ACTIVE_COMPILATION_CONDITIONS = DEBUG;
				SWIFT_OPTIMIZATION_LEVEL = "-Onone";
			};
			name = Debug;
		};
		FBA66D6B2A5D84A300542D2D /* Release */ = {
			isa = XCBuildConfiguration;
			buildSettings = {
				ALWAYS_SEARCH_USER_PATHS = NO;
				CLANG_ANALYZER_NONNULL = YES;
				CLANG_ANALYZER_NUMBER_OBJECT_CONVERSION = YES_AGGRESSIVE;
				CLANG_CXX_LANGUAGE_STANDARD = "gnu++20";
				CLANG_ENABLE_MODULES = YES;
				CLANG_ENABLE_OBJC_ARC = YES;
				CLANG_ENABLE_OBJC_WEAK = YES;
				CLANG_WARN_BLOCK_CAPTURE_AUTORELEASING = YES;
				CLANG_WARN_BOOL_CONVERSION = YES;
				CLANG_WARN_COMMA = YES;
				CLANG_WARN_CONSTANT_CONVERSION = YES;
				CLANG_WARN_DEPRECATED_OBJC_IMPLEMENTATIONS = YES;
				CLANG_WARN_DIRECT_OBJC_ISA_USAGE = YES_ERROR;
				CLANG_WARN_DOCUMENTATION_COMMENTS = YES;
				CLANG_WARN_EMPTY_BODY = YES;
				CLANG_WARN_ENUM_CONVERSION = YES;
				CLANG_WARN_INFINITE_RECURSION = YES;
				CLANG_WARN_INT_CONVERSION = YES;
				CLANG_WARN_NON_LITERAL_NULL_CONVERSION = YES;
				CLANG_WARN_OBJC_IMPLICIT_RETAIN_SELF = YES;
				CLANG_WARN_OBJC_LITERAL_CONVERSION = YES;
				CLANG_WARN_OBJC_ROOT_CLASS = YES_ERROR;
				CLANG_WARN_QUOTED_INCLUDE_IN_FRAMEWORK_HEADER = YES;
				CLANG_WARN_RANGE_LOOP_ANALYSIS = YES;
				CLANG_WARN_STRICT_PROTOTYPES = YES;
				CLANG_WARN_SUSPICIOUS_MOVE = YES;
				CLANG_WARN_UNGUARDED_AVAILABILITY = YES_AGGRESSIVE;
				CLANG_WARN_UNREACHABLE_CODE = YES;
				CLANG_WARN__DUPLICATE_METHOD_MATCH = YES;
				COPY_PHASE_STRIP = NO;
				DEBUG_INFORMATION_FORMAT = "dwarf-with-dsym";
				ENABLE_NS_ASSERTIONS = NO;
				ENABLE_STRICT_OBJC_MSGSEND = YES;
				GCC_C_LANGUAGE_STANDARD = gnu11;
				GCC_NO_COMMON_BLOCKS = YES;
				GCC_WARN_64_TO_32_BIT_CONVERSION = YES;
				GCC_WARN_ABOUT_RETURN_TYPE = YES_ERROR;
				GCC_WARN_UNDECLARED_SELECTOR = YES;
				GCC_WARN_UNINITIALIZED_AUTOS = YES_AGGRESSIVE;
				GCC_WARN_UNUSED_FUNCTION = YES;
				GCC_WARN_UNUSED_VARIABLE = YES;
				IPHONEOS_DEPLOYMENT_TARGET = 16.4;
				MTL_ENABLE_DEBUG_INFO = NO;
				MTL_FAST_MATH = YES;
				SDKROOT = iphoneos;
				SWIFT_COMPILATION_MODE = wholemodule;
				SWIFT_OPTIMIZATION_LEVEL = "-O";
				VALIDATE_PRODUCT = YES;
			};
			name = Release;
		};
		FBA66D6D2A5D84A300542D2D /* Debug */ = {
			isa = XCBuildConfiguration;
			baseConfigurationReference = 4B78D04A34C9011D02363A15 /* Pods-ShortFormFeed.debug.xcconfig */;
			buildSettings = {
				ASSETCATALOG_COMPILER_APPICON_NAME = AppIcon;
				ASSETCATALOG_COMPILER_GLOBAL_ACCENT_COLOR_NAME = AccentColor;
				CODE_SIGN_STYLE = Automatic;
				CURRENT_PROJECT_VERSION = 1;
				GENERATE_INFOPLIST_FILE = YES;
				INFOPLIST_FILE = ShortFormFeed/Info.plist;
				INFOPLIST_KEY_UIApplicationSupportsIndirectInputEvents = YES;
				INFOPLIST_KEY_UILaunchStoryboardName = LaunchScreen;
				INFOPLIST_KEY_UISupportedInterfaceOrientations_iPad = "UIInterfaceOrientationPortrait UIInterfaceOrientationPortraitUpsideDown UIInterfaceOrientationLandscapeLeft UIInterfaceOrientationLandscapeRight";
				INFOPLIST_KEY_UISupportedInterfaceOrientations_iPhone = "UIInterfaceOrientationPortrait UIInterfaceOrientationLandscapeLeft UIInterfaceOrientationLandscapeRight";
				IPHONEOS_DEPLOYMENT_TARGET = 14.0;
				LD_RUNPATH_SEARCH_PATHS = (
					"$(inherited)",
					"@executable_path/Frameworks",
				);
				MARKETING_VERSION = 1.0;
				PRODUCT_BUNDLE_IDENTIFIER = com.wooyani.ShortFormFeed;
				PRODUCT_NAME = "$(TARGET_NAME)";
				SWIFT_EMIT_LOC_STRINGS = YES;
				SWIFT_VERSION = 5.0;
				TARGETED_DEVICE_FAMILY = "1,2";
			};
			name = Debug;
		};
		FBA66D6E2A5D84A300542D2D /* Release */ = {
			isa = XCBuildConfiguration;
			baseConfigurationReference = 6A9E4F802EEE686845F41B4E /* Pods-ShortFormFeed.release.xcconfig */;
			buildSettings = {
				ASSETCATALOG_COMPILER_APPICON_NAME = AppIcon;
				ASSETCATALOG_COMPILER_GLOBAL_ACCENT_COLOR_NAME = AccentColor;
				CODE_SIGN_STYLE = Automatic;
				CURRENT_PROJECT_VERSION = 1;
				GENERATE_INFOPLIST_FILE = YES;
				INFOPLIST_FILE = ShortFormFeed/Info.plist;
				INFOPLIST_KEY_UIApplicationSupportsIndirectInputEvents = YES;
				INFOPLIST_KEY_UILaunchStoryboardName = LaunchScreen;
				INFOPLIST_KEY_UISupportedInterfaceOrientations_iPad = "UIInterfaceOrientationPortrait UIInterfaceOrientationPortraitUpsideDown UIInterfaceOrientationLandscapeLeft UIInterfaceOrientationLandscapeRight";
				INFOPLIST_KEY_UISupportedInterfaceOrientations_iPhone = "UIInterfaceOrientationPortrait UIInterfaceOrientationLandscapeLeft UIInterfaceOrientationLandscapeRight";
				IPHONEOS_DEPLOYMENT_TARGET = 14.0;
				LD_RUNPATH_SEARCH_PATHS = (
					"$(inherited)",
					"@executable_path/Frameworks",
				);
				MARKETING_VERSION = 1.0;
				PRODUCT_BUNDLE_IDENTIFIER = com.wooyani.ShortFormFeed;
				PRODUCT_NAME = "$(TARGET_NAME)";
				SWIFT_EMIT_LOC_STRINGS = YES;
				SWIFT_VERSION = 5.0;
				TARGETED_DEVICE_FAMILY = "1,2";
			};
			name = Release;
		};
		FBA66D702A5D84A300542D2D /* Debug */ = {
			isa = XCBuildConfiguration;
			baseConfigurationReference = C567FF071DE950615E94EA20 /* Pods-ShortFormFeedTests.debug.xcconfig */;
			buildSettings = {
				ALWAYS_EMBED_SWIFT_STANDARD_LIBRARIES = YES;
				BUNDLE_LOADER = "$(TEST_HOST)";
				CODE_SIGN_STYLE = Automatic;
				CURRENT_PROJECT_VERSION = 1;
				GENERATE_INFOPLIST_FILE = YES;
				IPHONEOS_DEPLOYMENT_TARGET = 16.4;
				MARKETING_VERSION = 1.0;
				PRODUCT_BUNDLE_IDENTIFIER = com.wooyani.ShortFormFeedTests;
				PRODUCT_NAME = "$(TARGET_NAME)";
				SWIFT_EMIT_LOC_STRINGS = NO;
				SWIFT_VERSION = 5.0;
				TARGETED_DEVICE_FAMILY = "1,2";
				TEST_HOST = "$(BUILT_PRODUCTS_DIR)/ShortFormFeed.app/$(BUNDLE_EXECUTABLE_FOLDER_PATH)/ShortFormFeed";
			};
			name = Debug;
		};
		FBA66D712A5D84A300542D2D /* Release */ = {
			isa = XCBuildConfiguration;
			baseConfigurationReference = B45B11A8B1C034A99CC33A4A /* Pods-ShortFormFeedTests.release.xcconfig */;
			buildSettings = {
				ALWAYS_EMBED_SWIFT_STANDARD_LIBRARIES = YES;
				BUNDLE_LOADER = "$(TEST_HOST)";
				CODE_SIGN_STYLE = Automatic;
				CURRENT_PROJECT_VERSION = 1;
				GENERATE_INFOPLIST_FILE = YES;
				IPHONEOS_DEPLOYMENT_TARGET = 16.4;
				MARKETING_VERSION = 1.0;
				PRODUCT_BUNDLE_IDENTIFIER = com.wooyani.ShortFormFeedTests;
				PRODUCT_NAME = "$(TARGET_NAME)";
				SWIFT_EMIT_LOC_STRINGS = NO;
				SWIFT_VERSION = 5.0;
				TARGETED_DEVICE_FAMILY = "1,2";
				TEST_HOST = "$(BUILT_PRODUCTS_DIR)/ShortFormFeed.app/$(BUNDLE_EXECUTABLE_FOLDER_PATH)/ShortFormFeed";
			};
			name = Release;
		};
		FBA66D732A5D84A300542D2D /* Debug */ = {
			isa = XCBuildConfiguration;
			baseConfigurationReference = 43FB890D4F002C74A6413E7B /* Pods-ShortFormFeed-ShortFormFeedUITests.debug.xcconfig */;
			buildSettings = {
				ALWAYS_EMBED_SWIFT_STANDARD_LIBRARIES = YES;
				CODE_SIGN_STYLE = Automatic;
				CURRENT_PROJECT_VERSION = 1;
				GENERATE_INFOPLIST_FILE = YES;
				MARKETING_VERSION = 1.0;
				PRODUCT_BUNDLE_IDENTIFIER = com.wooyani.ShortFormFeedUITests;
				PRODUCT_NAME = "$(TARGET_NAME)";
				SWIFT_EMIT_LOC_STRINGS = NO;
				SWIFT_VERSION = 5.0;
				TARGETED_DEVICE_FAMILY = "1,2";
				TEST_TARGET_NAME = ShortFormFeed;
			};
			name = Debug;
		};
		FBA66D742A5D84A300542D2D /* Release */ = {
			isa = XCBuildConfiguration;
			baseConfigurationReference = FDB4A30096BDAC8DB7CB1EF7 /* Pods-ShortFormFeed-ShortFormFeedUITests.release.xcconfig */;
			buildSettings = {
				ALWAYS_EMBED_SWIFT_STANDARD_LIBRARIES = YES;
				CODE_SIGN_STYLE = Automatic;
				CURRENT_PROJECT_VERSION = 1;
				GENERATE_INFOPLIST_FILE = YES;
				MARKETING_VERSION = 1.0;
				PRODUCT_BUNDLE_IDENTIFIER = com.wooyani.ShortFormFeedUITests;
				PRODUCT_NAME = "$(TARGET_NAME)";
				SWIFT_EMIT_LOC_STRINGS = NO;
				SWIFT_VERSION = 5.0;
				TARGETED_DEVICE_FAMILY = "1,2";
				TEST_TARGET_NAME = ShortFormFeed;
			};
			name = Release;
		};
/* End XCBuildConfiguration section */

/* Begin XCConfigurationList section */
		FBA66D3D2A5D84A200542D2D /* Build configuration list for PBXProject "ShortFormFeed" */ = {
			isa = XCConfigurationList;
			buildConfigurations = (
				FBA66D6A2A5D84A300542D2D /* Debug */,
				FBA66D6B2A5D84A300542D2D /* Release */,
			);
			defaultConfigurationIsVisible = 0;
			defaultConfigurationName = Release;
		};
		FBA66D6C2A5D84A300542D2D /* Build configuration list for PBXNativeTarget "ShortFormFeed" */ = {
			isa = XCConfigurationList;
			buildConfigurations = (
				FBA66D6D2A5D84A300542D2D /* Debug */,
				FBA66D6E2A5D84A300542D2D /* Release */,
			);
			defaultConfigurationIsVisible = 0;
			defaultConfigurationName = Release;
		};
		FBA66D6F2A5D84A300542D2D /* Build configuration list for PBXNativeTarget "ShortFormFeedTests" */ = {
			isa = XCConfigurationList;
			buildConfigurations = (
				FBA66D702A5D84A300542D2D /* Debug */,
				FBA66D712A5D84A300542D2D /* Release */,
			);
			defaultConfigurationIsVisible = 0;
			defaultConfigurationName = Release;
		};
		FBA66D722A5D84A300542D2D /* Build configuration list for PBXNativeTarget "ShortFormFeedUITests" */ = {
			isa = XCConfigurationList;
			buildConfigurations = (
				FBA66D732A5D84A300542D2D /* Debug */,
				FBA66D742A5D84A300542D2D /* Release */,
			);
			defaultConfigurationIsVisible = 0;
			defaultConfigurationName = Release;
		};
/* End XCConfigurationList section */
	};
	rootObject = FBA66D3A2A5D84A200542D2D /* Project object */;
}
